# This file is automatically @generated by Cargo.
# It is not intended for manual editing.
version = 3

[[package]]
name = "nitro-rs"
version = "0.0.1"

[[package]]
name = "nitro-rs_examples"
version = "0.0.1"
dependencies = [
 "nitro-rs",
]

[[package]]
name = "nitro-rs_tests"
version = "0.0.1"
dependencies = [
 "nitro-rs",
]
